PODS:
  - Alamofire (2.0.2)
  - Nocilla (0.10.0)
  - Realm (0.95.3):
    - Realm/Headers (= 0.95.3)
  - Realm/Headers (0.95.3)
  - RealmSwift (0.95.3):
    - Realm (= 0.95.3)
  - SwiftyJSON (2.3.0)

DEPENDENCIES:
  - Alamofire
  - Nocilla
  - RealmSwift
  - SwiftyJSON

SPEC CHECKSUMS:
  Alamofire: 8edbab00802a752bb5240cc2abe70e7e881488ad
  Nocilla: ae0a2b05f3087b473624ac2b25903695df51246a
  Realm: 55885fa05865344994ad8b56da96669ffa39fbf1
  RealmSwift: 586df4b5a6d01473d2653b16e9fe7debce4a87ed
  SwiftyJSON: 8d6b61a70277ef2a5d710d372e06e7e2d87fb9e4

COCOAPODS: 0.38.2
