// !$*UTF8*$!
{
	archiveVersion = 1;
	classes = {
	};
	objectVersion = 46;
	objects = {

/* Begin PBXBuildFile section */
		30ABB9501AE6828900C0E5C8 /* main.m in Sources */ = {isa = PBXBuildFile; fileRef = 30ABB94F1AE6828900C0E5C8 /* main.m */; };
		30ABB9531AE6828900C0E5C8 /* AppDelegate.m in Sources */ = {isa = PBXBuildFile; fileRef = 30ABB9521AE6828900C0E5C8 /* AppDelegate.m */; };
		30ABB9561AE6828900C0E5C8 /* ViewController.m in Sources */ = {isa = PBXBuildFile; fileRef = 30ABB9551AE6828900C0E5C8 /* ViewController.m */; };
		30ABB9591AE6828900C0E5C8 /* Main.storyboard in Resources */ = {isa = PBXBuildFile; fileRef = 30ABB9571AE6828900C0E5C8 /* Main.storyboard */; };
		30ABB95B1AE6828900C0E5C8 /* Images.xcassets in Resources */ = {isa = PBXBuildFile; fileRef = 30ABB95A1AE6828900C0E5C8 /* Images.xcassets */; };
		30ABB95E1AE6828900C0E5C8 /* LaunchScreen.xib in Resources */ = {isa = PBXBuildFile; fileRef = 30ABB95C1AE6828900C0E5C8 /* LaunchScreen.xib */; };
		30ABB96A1AE6828900C0E5C8 /* AppLabTests.m in Sources */ = {isa = PBXBuildFile; fileRef = 30ABB9691AE6828900C0E5C8 /* AppLabTests.m */; };
/* End PBXBuildFile section */

/* Begin PBXContainerItemProxy section */
		30ABB9641AE6828900C0E5C8 /* PBXContainerItemProxy */ = {
			isa = PBXContainerItemProxy;
			containerPortal = 30ABB9421AE6828800C0E5C8 /* Project object */;
			proxyType = 1;
			remoteGlobalIDString = 30ABB9491AE6828900C0E5C8;
			remoteInfo = AppLab;
		};
/* End PBXContainerItemProxy section */

/* Begin PBXFileReference section */
		30ABB94A1AE6828900C0E5C8 /* AppLab.app */ = {isa = PBXFileReference; explicitFileType = wrapper.application; includeInIndex = 0; path = AppLab.app; sourceTree = BUILT_PRODUCTS_DIR; };
		30ABB94E1AE6828900C0E5C8 /* Info.plist */ = {isa = PBXFileReference; lastKnownFileType = text.plist.xml; path = Info.plist; sourceTree = "<group>"; };
		30ABB94F1AE6828900C0E5C8 /* main.m */ = {isa = PBXFileReference; lastKnownFileType = sourcecode.c.objc; path = main.m; sourceTree = "<group>"; };
		30ABB9511AE6828900C0E5C8 /* AppDelegate.h */ = {isa = PBXFileReference; lastKnownFileType = sourcecode.c.h; path = AppDelegate.h; sourceTree = "<group>"; };
		30ABB9521AE6828900C0E5C8 /* AppDelegate.m */ = {isa = PBXFileReference; lastKnownFileType = sourcecode.c.objc; path = AppDelegate.m; sourceTree = "<group>"; };
		30ABB9541AE6828900C0E5C8 /* ViewController.h */ = {isa = PBXFileReference; lastKnownFileType = sourcecode.c.h; path = ViewController.h; sourceTree = "<group>"; };
		30ABB9551AE6828900C0E5C8 /* ViewController.m */ = {isa = PBXFileReference; lastKnownFileType = sourcecode.c.objc; path = ViewController.m; sourceTree = "<group>"; };
		30ABB9581AE6828900C0E5C8 /* Base */ = {isa = PBXFileReference; lastKnownFileType = file.storyboard; name = Base; path = Base.lproj/Main.storyboard; sourceTree = "<group>"; };
		30ABB95A1AE6828900C0E5C8 /* Images.xcassets */ = {isa = PBXFileReference; lastKnownFileType = folder.assetcatalog; path = Images.xcassets; sourceTree = "<group>"; };
		30ABB95D1AE6828900C0E5C8 /* Base */ = {isa = PBXFileReference; lastKnownFileType = file.xib; name = Base; path = Base.lproj/LaunchScreen.xib; sourceTree = "<group>"; };
		30ABB9631AE6828900C0E5C8 /* AppLabTests.xctest */ = {isa = PBXFileReference; explicitFileType = wrapper.cfbundle; includeInIndex = 0; path = AppLabTests.xctest; sourceTree = BUILT_PRODUCTS_DIR; };
		30ABB9681AE6828900C0E5C8 /* Info.plist */ = {isa = PBXFileReference; lastKnownFileType = text.plist.xml; path = Info.plist; sourceTree = "<group>"; };
		30ABB9691AE6828900C0E5C8 /* AppLabTests.m */ = {isa = PBXFileReference; lastKnownFileType = sourcecode.c.objc; path = AppLabTests.m; sourceTree = "<group>"; };
/* End PBXFileReference section */

/* Begin PBXFrameworksBuildPhase section */
		30ABB9471AE6828900C0E5C8 /* Frameworks */ = {
			isa = PBXFrameworksBuildPhase;
			buildActionMask = 2147483647;
			files = (
			);
			runOnlyForDeploymentPostprocessing = 0;
		};
		30ABB9601AE6828900C0E5C8 /* Frameworks */ = {
			isa = PBXFrameworksBuildPhase;
			buildActionMask = 2147483647;
			files = (
			);
			runOnlyForDeploymentPostprocessing = 0;
		};
/* End PBXFrameworksBuildPhase section */

/* Begin PBXGroup section */
		30ABB9411AE6828800C0E5C8 = {
			isa = PBXGroup;
			children = (
				30ABB94C1AE6828900C0E5C8 /* AppLab */,
				30ABB9661AE6828900C0E5C8 /* AppLabTests */,
				30ABB94B1AE6828900C0E5C8 /* Products */,
			);
			sourceTree = "<group>";
		};
		30ABB94B1AE6828900C0E5C8 /* Products */ = {
			isa = PBXGroup;
			children = (
				30ABB94A1AE6828900C0E5C8 /* AppLab.app */,
				30ABB9631AE6828900C0E5C8 /* AppLabTests.xctest */,
			);
			name = Products;
			sourceTree = "<group>";
		};
		30ABB94C1AE6828900C0E5C8 /* AppLab */ = {
			isa = PBXGroup;
			children = (
				30ABB9511AE6828900C0E5C8 /* AppDelegate.h */,
				30ABB9521AE6828900C0E5C8 /* AppDelegate.m */,
				30ABB9541AE6828900C0E5C8 /* ViewController.h */,
				30ABB9551AE6828900C0E5C8 /* ViewController.m */,
				30ABB9571AE6828900C0E5C8 /* Main.storyboard */,
				30ABB95A1AE6828900C0E5C8 /* Images.xcassets */,
				30ABB95C1AE6828900C0E5C8 /* LaunchScreen.xib */,
				30ABB94D1AE6828900C0E5C8 /* Supporting Files */,
			);
			path = AppLab;
			sourceTree = "<group>";
		};
		30ABB94D1AE6828900C0E5C8 /* Supporting Files */ = {
			isa = PBXGroup;
			children = (
				30ABB94E1AE6828900C0E5C8 /* Info.plist */,
				30ABB94F1AE6828900C0E5C8 /* main.m */,
			);
			name = "Supporting Files";
			sourceTree = "<group>";
		};
		30ABB9661AE6828900C0E5C8 /* AppLabTests */ = {
			isa = PBXGroup;
			children = (
				30ABB9691AE6828900C0E5C8 /* AppLabTests.m */,
				30ABB9671AE6828900C0E5C8 /* Supporting Files */,
			);
			path = AppLabTests;
			sourceTree = "<group>";
		};
		30ABB9671AE6828900C0E5C8 /* Supporting Files */ = {
			isa = PBXGroup;
			children = (
				30ABB9681AE6828900C0E5C8 /* Info.plist */,
			);
			name = "Supporting Files";
			sourceTree = "<group>";
		};
/* End PBXGroup section */

/* Begin PBXNativeTarget section */
		30ABB9491AE6828900C0E5C8 /* AppLab */ = {
			isa = PBXNativeTarget;
			buildConfigurationList = 30ABB96D1AE6828900C0E5C8 /* Build configuration list for PBXNativeTarget "AppLab" */;
			buildPhases = (
				30ABB9461AE6828900C0E5C8 /* Sources */,
				30ABB9471AE6828900C0E5C8 /* Frameworks */,
				30ABB9481AE6828900C0E5C8 /* Resources */,
			);
			buildRules = (
			);
			dependencies = (
			);
			name = AppLab;
			productName = AppLab;
			productReference = 30ABB94A1AE6828900C0E5C8 /* AppLab.app */;
			productType = "com.apple.product-type.application";
		};
		30ABB9621AE6828900C0E5C8 /* AppLabTests */ = {
			isa = PBXNativeTarget;
			buildConfigurationList = 30ABB9701AE6828900C0E5C8 /* Build configuration list for PBXNativeTarget "AppLabTests" */;
			buildPhases = (
				30ABB95F1AE6828900C0E5C8 /* Sources */,
				30ABB9601AE6828900C0E5C8 /* Frameworks */,
				30ABB9611AE6828900C0E5C8 /* Resources */,
			);
			buildRules = (
			);
			dependencies = (
				30ABB9651AE6828900C0E5C8 /* PBXTargetDependency */,
			);
			name = AppLabTests;
			productName = AppLabTests;
			productReference = 30ABB9631AE6828900C0E5C8 /* AppLabTests.xctest */;
			productType = "com.apple.product-type.bundle.unit-test";
		};
/* End PBXNativeTarget section */

/* Begin PBXProject section */
		30ABB9421AE6828800C0E5C8 /* Project object */ = {
			isa = PBXProject;
			attributes = {
				LastUpgradeCheck = 0630;
				ORGANIZATIONNAME = Zakaria;
				TargetAttributes = {
					30ABB9491AE6828900C0E5C8 = {
						CreatedOnToolsVersion = 6.3;
					};
					30ABB9621AE6828900C0E5C8 = {
						CreatedOnToolsVersion = 6.3;
						TestTargetID = 30ABB9491AE6828900C0E5C8;
					};
				};
			};
			buildConfigurationList = 30ABB9451AE6828800C0E5C8 /* Build configuration list for PBXProject "AppLab" */;
			compatibilityVersion = "Xcode 3.2";
			developmentRegion = English;
			hasScannedForEncodings = 0;
			knownRegions = (
				en,
				Base,
			);
			mainGroup = 30ABB9411AE6828800C0E5C8;
			productRefGroup = 30ABB94B1AE6828900C0E5C8 /* Products */;
			projectDirPath = "";
			projectRoot = "";
			targets = (
				30ABB9491AE6828900C0E5C8 /* AppLab */,
				30ABB9621AE6828900C0E5C8 /* AppLabTests */,
			);
		};
/* End PBXProject section */

/* Begin PBXResourcesBuildPhase section */
		30ABB9481AE6828900C0E5C8 /* Resources */ = {
			isa = PBXResourcesBuildPhase;
			buildActionMask = 2147483647;
			files = (
				30ABB9591AE6828900C0E5C8 /* Main.storyboard in Resources */,
				30ABB95E1AE6828900C0E5C8 /* LaunchScreen.xib in Resources */,
				30ABB95B1AE6828900C0E5C8 /* Images.xcassets in Resources */,
			);
			runOnlyForDeploymentPostprocessing = 0;
		};
		30ABB9611AE6828900C0E5C8 /* Resources */ = {
			isa = PBXResourcesBuildPhase;
			buildActionMask = 2147483647;
			files = (
			);
			runOnlyForDeploymentPostprocessing = 0;
		};
/* End PBXResourcesBuildPhase section */

/* Begin PBXSourcesBuildPhase section */
		30ABB9461AE6828900C0E5C8 /* Sources */ = {
			isa = PBXSourcesBuildPhase;
			buildActionMask = 2147483647;
			files = (
				30ABB9561AE6828900C0E5C8 /* ViewController.m in Sources */,
				30ABB9531AE6828900C0E5C8 /* AppDelegate.m in Sources */,
				30ABB9501AE6828900C0E5C8 /* main.m in Sources */,
			);
			runOnlyForDeploymentPostprocessing = 0;
		};
		30ABB95F1AE6828900C0E5C8 /* Sources */ = {
			isa = PBXSourcesBuildPhase;
			buildActionMask = 2147483647;
			files = (
				30ABB96A1AE6828900C0E5C8 /* AppLabTests.m in Sources */,
			);
			runOnlyForDeploymentPostprocessing = 0;
		};
/* End PBXSourcesBuildPhase section */

/* Begin PBXTargetDependency section */
		30ABB9651AE6828900C0E5C8 /* PBXTargetDependency */ = {
			isa = PBXTargetDependency;
			target = 30ABB9491AE6828900C0E5C8 /* AppLab */;
			targetProxy = 30ABB9641AE6828900C0E5C8 /* PBXContainerItemProxy */;
		};
/* End PBXTargetDependency section */

/* Begin PBXVariantGroup section */
		30ABB9571AE6828900C0E5C8 /* Main.storyboard */ = {
			isa = PBXVariantGroup;
			children = (
				30ABB9581AE6828900C0E5C8 /* Base */,
			);
			name = Main.storyboard;
			sourceTree = "<group>";
		};
		30ABB95C1AE6828900C0E5C8 /* LaunchScreen.xib */ = {
			isa = PBXVariantGroup;
			children = (
				30ABB95D1AE6828900C0E5C8 /* Base */,
			);
			name = LaunchScreen.xib;
			sourceTree = "<group>";
		};
/* End PBXVariantGroup section */

/* Begin XCBuildConfiguration section */
		30ABB96B1AE6828900C0E5C8 /* Debug */ = {
			isa = XCBuildConfiguration;
			buildSettings = {
				ALWAYS_SEARCH_USER_PATHS = NO;
				CLANG_CXX_LANGUAGE_STANDARD = "gnu++0x";
				CLANG_CXX_LIBRARY = "libc++";
				CLANG_ENABLE_MODULES = YES;
				CLANG_ENABLE_OBJC_ARC = YES;
				CLANG_WARN_BOOL_CONVERSION = YES;
				CLANG_WARN_CONSTANT_CONVERSION = YES;
				CLANG_WARN_DIRECT_OBJC_ISA_USAGE = YES_ERROR;
				CLANG_WARN_EMPTY_BODY = YES;
				CLANG_WARN_ENUM_CONVERSION = YES;
				CLANG_WARN_INT_CONVERSION = YES;
				CLANG_WARN_OBJC_ROOT_CLASS = YES_ERROR;
				CLANG_WARN_UNREACHABLE_CODE = YES;
				CLANG_WARN__DUPLICATE_METHOD_MATCH = YES;
				"CODE_SIGN_IDENTITY[sdk=iphoneos*]" = "iPhone Developer";
				COPY_PHASE_STRIP = NO;
				DEBUG_INFORMATION_FORMAT = "dwarf-with-dsym";
				ENABLE_STRICT_OBJC_MSGSEND = YES;
				GCC_C_LANGUAGE_STANDARD = gnu99;
				GCC_DYNAMIC_NO_PIC = NO;
				GCC_NO_COMMON_BLOCKS = YES;
				GCC_OPTIMIZATION_LEVEL = 0;
				GCC_PREPROCESSOR_DEFINITIONS = (
					"DEBUG=1",
					"$(inherited)",
				);
				GCC_SYMBOLS_PRIVATE_EXTERN = NO;
				GCC_WARN_64_TO_32_BIT_CONVERSION = YES;
				GCC_WARN_ABOUT_RETURN_TYPE = YES_ERROR;
				GCC_WARN_UNDECLARED_SELECTOR = YES;
				GCC_WARN_UNINITIALIZED_AUTOS = YES_AGGRESSIVE;
				GCC_WARN_UNUSED_FUNCTION = YES;
				GCC_WARN_UNUSED_VARIABLE = YES;
				IPHONEOS_DEPLOYMENT_TARGET = 8.3;
				MTL_ENABLE_DEBUG_INFO = YES;
				ONLY_ACTIVE_ARCH = YES;
				SDKROOT = iphoneos;
				TARGETED_DEVICE_FAMILY = "1,2";
			};
			name = Debug;
		};
		30ABB96C1AE6828900C0E5C8 /* Release */ = {
			isa = XCBuildConfiguration;
			buildSettings = {
				ALWAYS_SEARCH_USER_PATHS = NO;
				CLANG_CXX_LANGUAGE_STANDARD = "gnu++0x";
				CLANG_CXX_LIBRARY = "libc++";
				CLANG_ENABLE_MODULES = YES;
				CLANG_ENABLE_OBJC_ARC = YES;
				CLANG_WARN_BOOL_CONVERSION = YES;
				CLANG_WARN_CONSTANT_CONVERSION = YES;
				CLANG_WARN_DIRECT_OBJC_ISA_USAGE = YES_ERROR;
				CLANG_WARN_EMPTY_BODY = YES;
				CLANG_WARN_ENUM_CONVERSION = YES;
				CLANG_WARN_INT_CONVERSION = YES;
				CLANG_WARN_OBJC_ROOT_CLASS = YES_ERROR;
				CLANG_WARN_UNREACHABLE_CODE = YES;
				CLANG_WARN__DUPLICATE_METHOD_MATCH = YES;
				"CODE_SIGN_IDENTITY[sdk=iphoneos*]" = "iPhone Developer";
				COPY_PHASE_STRIP = NO;
				DEBUG_INFORMATION_FORMAT = "dwarf-with-dsym";
				ENABLE_NS_ASSERTIONS = NO;
				ENABLE_STRICT_OBJC_MSGSEND = YES;
				GCC_C_LANGUAGE_STANDARD = gnu99;
				GCC_NO_COMMON_BLOCKS = YES;
				GCC_WARN_64_TO_32_BIT_CONVERSION = YES;
				GCC_WARN_ABOUT_RETURN_TYPE = YES_ERROR;
				GCC_WARN_UNDECLARED_SELECTOR = YES;
				GCC_WARN_UNINITIALIZED_AUTOS = YES_AGGRESSIVE;
				GCC_WARN_UNUSED_FUNCTION = YES;
				GCC_WARN_UNUSED_VARIABLE = YES;
				IPHONEOS_DEPLOYMENT_TARGET = 8.3;
				MTL_ENABLE_DEBUG_INFO = NO;
				SDKROOT = iphoneos;
				TARGETED_DEVICE_FAMILY = "1,2";
				VALIDATE_PRODUCT = YES;
			};
			name = Release;
		};
		30ABB96E1AE6828900C0E5C8 /* Debug */ = {
			isa = XCBuildConfiguration;
			buildSettings = {
				ASSETCATALOG_COMPILER_APPICON_NAME = AppIcon;
				INFOPLIST_FILE = AppLab/Info.plist;
				LD_RUNPATH_SEARCH_PATHS = "$(inherited) @executable_path/Frameworks";
				PRODUCT_NAME = "$(TARGET_NAME)";
			};
			name = Debug;
		};
		30ABB96F1AE6828900C0E5C8 /* Release */ = {
			isa = XCBuildConfiguration;
			buildSettings = {
				ASSETCATALOG_COMPILER_APPICON_NAME = AppIcon;
				INFOPLIST_FILE = AppLab/Info.plist;
				LD_RUNPATH_SEARCH_PATHS = "$(inherited) @executable_path/Frameworks";
				PRODUCT_NAME = "$(TARGET_NAME)";
			};
			name = Release;
		};
		30ABB9711AE6828900C0E5C8 /* Debug */ = {
			isa = XCBuildConfiguration;
			buildSettings = {
				BUNDLE_LOADER = "$(TEST_HOST)";
				FRAMEWORK_SEARCH_PATHS = (
					"$(SDKROOT)/Developer/Library/Frameworks",
					"$(inherited)",
				);
				GCC_PREPROCESSOR_DEFINITIONS = (
					"DEBUG=1",
					"$(inherited)",
				);
				INFOPLIST_FILE = AppLabTests/Info.plist;
				LD_RUNPATH_SEARCH_PATHS = "$(inherited) @executable_path/Frameworks @loader_path/Frameworks";
				PRODUCT_NAME = "$(TARGET_NAME)";
				TEST_HOST = "$(BUILT_PRODUCTS_DIR)/AppLab.app/AppLab";
			};
			name = Debug;
		};
		30ABB9721AE6828900C0E5C8 /* Release */ = {
			isa = XCBuildConfiguration;
			buildSettings = {
				BUNDLE_LOADER = "$(TEST_HOST)";
				FRAMEWORK_SEARCH_PATHS = (
					"$(SDKROOT)/Developer/Library/Frameworks",
					"$(inherited)",
				);
				INFOPLIST_FILE = AppLabTests/Info.plist;
				LD_RUNPATH_SEARCH_PATHS = "$(inherited) @executable_path/Frameworks @loader_path/Frameworks";
				PRODUCT_NAME = "$(TARGET_NAME)";
				TEST_HOST = "$(BUILT_PRODUCTS_DIR)/AppLab.app/AppLab";
			};
			name = Release;
		};
/* End XCBuildConfiguration section */

/* Begin XCConfigurationList section */
		30ABB9451AE6828800C0E5C8 /* Build configuration list for PBXProject "AppLab" */ = {
			isa = XCConfigurationList;
			buildConfigurations = (
				30ABB96B1AE6828900C0E5C8 /* Debug */,
				30ABB96C1AE6828900C0E5C8 /* Release */,
			);
			defaultConfigurationIsVisible = 0;
			defaultConfigurationName = Release;
		};
		30ABB96D1AE6828900C0E5C8 /* Build configuration list for PBXNativeTarget "AppLab" */ = {
			isa = XCConfigurationList;
			buildConfigurations = (
				30ABB96E1AE6828900C0E5C8 /* Debug */,
				30ABB96F1AE6828900C0E5C8 /* Release */,
			);
			defaultConfigurationIsVisible = 0;
		};
		30ABB9701AE6828900C0E5C8 /* Build configuration list for PBXNativeTarget "AppLabTests" */ = {
			isa = XCConfigurationList;
			buildConfigurations = (
				30ABB9711AE6828900C0E5C8 /* Debug */,
				30ABB9721AE6828900C0E5C8 /* Release */,
			);
			defaultConfigurationIsVisible = 0;
		};
/* End XCConfigurationList section */
	};
	rootObject = 30ABB9421AE6828800C0E5C8 /* Project object */;
}
